
Microsoft Visual Studio Solution File, Format Version 12.00
# Visual Studio Version 17
VisualStudioVersion = 17.3.32825.248
MinimumVisualStudioVersion = 10.0.40219.1
Project("{FAE04EC0-301F-11D3-BF4B-00C04F79EFBC}") = "MvcStok", "MvcStok\MvcStok.csproj", "{F91B7B53-CD02-4AFC-AF83-3D67FEA07F5E}"
EndProject
Global
	GlobalSection(SolutionConfigurationPlatforms) = preSolution
		Debug|Any CPU = Debug|Any CPU
		Release|Any CPU = Release|Any CPU
	EndGlobalSection
	GlobalSection(ProjectConfigurationPlatforms) = postSolution
		{F91B7B53-CD02-4AFC-AF83-3D67FEA07F5E}.Debug|Any CPU.ActiveCfg = Debug|Any CPU
		{F91B7B53-CD02-4AFC-AF83-3D67FEA07F5E}.Debug|Any CPU.Build.0 = Debug|Any CPU
		{F91B7B53-CD02-4AFC-AF83-3D67FEA07F5E}.Release|Any CPU.ActiveCfg = Release|Any CPU
		{F91B7B53-CD02-4AFC-AF83-3D67FEA07F5E}.Release|Any CPU.Build.0 = Release|Any CPU
	EndGlobalSection
	GlobalSection(SolutionProperties) = preSolution
		HideSolutionNode = FALSE
	EndGlobalSection
	GlobalSection(ExtensibilityGlobals) = postSolution
		SolutionGuid = {52A4E5FB-7481-4093-A09A-2ED5437C95AF}
	EndGlobalSection
EndGlobal
